
Microsoft Visual Studio Solution File, Format Version 12.00
# Visual Studio Version 17
VisualStudioVersion = 17.7.34202.233
MinimumVisualStudioVersion = 10.0.40219.1
Project("{FAE04EC0-301F-11D3-BF4B-00C04F79EFBC}") = "Program", "Program\Program.csproj", "{9AC5D1A8-F5E7-4E50-BCAF-ACAA89E62BF4}"
EndProject
Global
	GlobalSection(SolutionConfigurationPlatforms) = preSolution
		Debug|Any CPU = Debug|Any CPU
		Release|Any CPU = Release|Any CPU
	EndGlobalSection
	GlobalSection(ProjectConfigurationPlatforms) = postSolution
		{9AC5D1A8-F5E7-4E50-BCAF-ACAA89E62BF4}.Debug|Any CPU.ActiveCfg = Debug|Any CPU
		{9AC5D1A8-F5E7-4E50-BCAF-ACAA89E62BF4}.Debug|Any CPU.Build.0 = Debug|Any CPU
		{9AC5D1A8-F5E7-4E50-BCAF-ACAA89E62BF4}.Release|Any CPU.ActiveCfg = Release|Any CPU
		{9AC5D1A8-F5E7-4E50-BCAF-ACAA89E62BF4}.Release|Any CPU.Build.0 = Release|Any CPU
	EndGlobalSection
	GlobalSection(SolutionProperties) = preSolution
		HideSolutionNode = FALSE
	EndGlobalSection
	GlobalSection(ExtensibilityGlobals) = postSolution
		SolutionGuid = {FF3C8708-F580-4FE2-BE5D-68DF05D9BBD2}
	EndGlobalSection
EndGlobal
